// !$*UTF8*$!
{
	archiveVersion = 1;
	classes = {
	};
	objectVersion = 50;
	objects = {

/* Begin PBXBuildFile section */
		3E69FAC9264C435200310370 /* AppDelegate.swift in Sources */ = {isa = PBXBuildFile; fileRef = 3E69FAC8264C435200310370 /* AppDelegate.swift */; };
		3E69FACB264C435200310370 /* SceneDelegate.swift in Sources */ = {isa = PBXBuildFile; fileRef = 3E69FACA264C435200310370 /* SceneDelegate.swift */; };
		3E69FACD264C435200310370 /* ViewController.swift in Sources */ = {isa = PBXBuildFile; fileRef = 3E69FACC264C435200310370 /* ViewController.swift */; };
		3E69FAD0264C435200310370 /* Main.storyboard in Resources */ = {isa = PBXBuildFile; fileRef = 3E69FACE264C435200310370 /* Main.storyboard */; };
		3E69FAD3264C435200310370 /* MoviesDemo.xcdatamodeld in Sources */ = {isa = PBXBuildFile; fileRef = 3E69FAD1264C435200310370 /* MoviesDemo.xcdatamodeld */; };
		3E69FAD5264C435B00310370 /* Assets.xcassets in Resources */ = {isa = PBXBuildFile; fileRef = 3E69FAD4264C435B00310370 /* Assets.xcassets */; };
		3E69FAD8264C435B00310370 /* LaunchScreen.storyboard in Resources */ = {isa = PBXBuildFile; fileRef = 3E69FAD6264C435B00310370 /* LaunchScreen.storyboard */; };
/* End PBXBuildFile section */

/* Begin PBXFileReference section */
		3E69FAC5264C435200310370 /* MoviesDemo.app */ = {isa = PBXFileReference; explicitFileType = wrapper.application; includeInIndex = 0; path = MoviesDemo.app; sourceTree = BUILT_PRODUCTS_DIR; };
		3E69FAC8264C435200310370 /* AppDelegate.swift */ = {isa = PBXFileReference; lastKnownFileType = sourcecode.swift; path = AppDelegate.swift; sourceTree = "<group>"; };
		3E69FACA264C435200310370 /* SceneDelegate.swift */ = {isa = PBXFileReference; lastKnownFileType = sourcecode.swift; path = SceneDelegate.swift; sourceTree = "<group>"; };
		3E69FACC264C435200310370 /* ViewController.swift */ = {isa = PBXFileReference; lastKnownFileType = sourcecode.swift; path = ViewController.swift; sourceTree = "<group>"; };
		3E69FACF264C435200310370 /* Base */ = {isa = PBXFileReference; lastKnownFileType = file.storyboard; name = Base; path = Base.lproj/Main.storyboard; sourceTree = "<group>"; };
		3E69FAD2264C435200310370 /* MoviesDemo.xcdatamodel */ = {isa = PBXFileReference; lastKnownFileType = wrapper.xcdatamodel; path = MoviesDemo.xcdatamodel; sourceTree = "<group>"; };
		3E69FAD4264C435B00310370 /* Assets.xcassets */ = {isa = PBXFileReference; lastKnownFileType = folder.assetcatalog; path = Assets.xcassets; sourceTree = "<group>"; };
		3E69FAD7264C435B00310370 /* Base */ = {isa = PBXFileReference; lastKnownFileType = file.storyboard; name = Base; path = Base.lproj/LaunchScreen.storyboard; sourceTree = "<group>"; };
		3E69FAD9264C435B00310370 /* Info.plist */ = {isa = PBXFileReference; lastKnownFileType = text.plist.xml; path = Info.plist; sourceTree = "<group>"; };
/* End PBXFileReference section */

/* Begin PBXFrameworksBuildPhase section */
		3E69FAC2264C435200310370 /* Frameworks */ = {
			isa = PBXFrameworksBuildPhase;
			buildActionMask = 2147483647;
			files = (
			);
			runOnlyForDeploymentPostprocessing = 0;
		};
/* End PBXFrameworksBuildPhase section */

/* Begin PBXGroup section */
		3E69FABC264C435200310370 = {
			isa = PBXGroup;
			children = (
				3E69FAC7264C435200310370 /* MoviesDemo */,
				3E69FAC6264C435200310370 /* Products */,
			);
			sourceTree = "<group>";
		};
		3E69FAC6264C435200310370 /* Products */ = {
			isa = PBXGroup;
			children = (
				3E69FAC5264C435200310370 /* MoviesDemo.app */,
			);
			name = Products;
			sourceTree = "<group>";
		};
		3E69FAC7264C435200310370 /* MoviesDemo */ = {
			isa = PBXGroup;
			children = (
				3E69FAC8264C435200310370 /* AppDelegate.swift */,
				3E69FACA264C435200310370 /* SceneDelegate.swift */,
				3E69FACC264C435200310370 /* ViewController.swift */,
				3E69FACE264C435200310370 /* Main.storyboard */,
				3E69FAD4264C435B00310370 /* Assets.xcassets */,
				3E69FAD6264C435B00310370 /* LaunchScreen.storyboard */,
				3E69FAD9264C435B00310370 /* Info.plist */,
				3E69FAD1264C435200310370 /* MoviesDemo.xcdatamodeld */,
			);
			path = MoviesDemo;
			sourceTree = "<group>";
		};
/* End PBXGroup section */

/* Begin PBXNativeTarget section */
		3E69FAC4264C435200310370 /* MoviesDemo */ = {
			isa = PBXNativeTarget;
			buildConfigurationList = 3E69FADC264C435B00310370 /* Build configuration list for PBXNativeTarget "MoviesDemo" */;
			buildPhases = (
				3E69FAC1264C435200310370 /* Sources */,
				3E69FAC2264C435200310370 /* Frameworks */,
				3E69FAC3264C435200310370 /* Resources */,
			);
			buildRules = (
			);
			dependencies = (
			);
			name = MoviesDemo;
			productName = MoviesDemo;
			productReference = 3E69FAC5264C435200310370 /* MoviesDemo.app */;
			productType = "com.apple.product-type.application";
		};
/* End PBXNativeTarget section */

/* Begin PBXProject section */
		3E69FABD264C435200310370 /* Project object */ = {
			isa = PBXProject;
			attributes = {
				LastSwiftUpdateCheck = 1250;
				LastUpgradeCheck = 1250;
				TargetAttributes = {
					3E69FAC4264C435200310370 = {
						CreatedOnToolsVersion = 12.5;
					};
				};
			};
			buildConfigurationList = 3E69FAC0264C435200310370 /* Build configuration list for PBXProject "MoviesDemo" */;
			compatibilityVersion = "Xcode 9.3";
			developmentRegion = en;
			hasScannedForEncodings = 0;
			knownRegions = (
				en,
				Base,
			);
			mainGroup = 3E69FABC264C435200310370;
			productRefGroup = 3E69FAC6264C435200310370 /* Products */;
			projectDirPath = "";
			projectRoot = "";
			targets = (
				3E69FAC4264C435200310370 /* MoviesDemo */,
			);
		};
/* End PBXProject section */

/* Begin PBXResourcesBuildPhase section */
		3E69FAC3264C435200310370 /* Resources */ = {
			isa = PBXResourcesBuildPhase;
			buildActionMask = 2147483647;
			files = (
				3E69FAD8264C435B00310370 /* LaunchScreen.storyboard in Resources */,
				3E69FAD5264C435B00310370 /* Assets.xcassets in Resources */,
				3E69FAD0264C435200310370 /* Main.storyboard in Resources */,
			);
			runOnlyForDeploymentPostprocessing = 0;
		};
/* End PBXResourcesBuildPhase section */

/* Begin PBXSourcesBuildPhase section */
		3E69FAC1264C435200310370 /* Sources */ = {
			isa = PBXSourcesBuildPhase;
			buildActionMask = 2147483647;
			files = (
				3E69FACD264C435200310370 /* ViewController.swift in Sources */,
				3E69FAC9264C435200310370 /* AppDelegate.swift in Sources */,
				3E69FACB264C435200310370 /* SceneDelegate.swift in Sources */,
				3E69FAD3264C435200310370 /* MoviesDemo.xcdatamodeld in Sources */,
			);
			runOnlyForDeploymentPostprocessing = 0;
		};
/* End PBXSourcesBuildPhase section */

/* Begin PBXVariantGroup section */
		3E69FACE264C435200310370 /* Main.storyboard */ = {
			isa = PBXVariantGroup;
			children = (
				3E69FACF264C435200310370 /* Base */,
			);
			name = Main.storyboard;
			sourceTree = "<group>";
		};
		3E69FAD6264C435B00310370 /* LaunchScreen.storyboard */ = {
			isa = PBXVariantGroup;
			children = (
				3E69FAD7264C435B00310370 /* Base */,
			);
			name = LaunchScreen.storyboard;
			sourceTree = "<group>";
		};
/* End PBXVariantGroup section */

/* Begin XCBuildConfiguration section */
		3E69FADA264C435B00310370 /* Debug */ = {
			isa = XCBuildConfiguration;
			buildSettings = {
				ALWAYS_SEARCH_USER_PATHS = NO;
				CLANG_ANALYZER_NONNULL = YES;
				CLANG_ANALYZER_NUMBER_OBJECT_CONVERSION = YES_AGGRESSIVE;
				CLANG_CXX_LANGUAGE_STANDARD = "gnu++14";
				CLANG_CXX_LIBRARY = "libc++";
				CLANG_ENABLE_MODULES = YES;
				CLANG_ENABLE_OBJC_ARC = YES;
				CLANG_ENABLE_OBJC_WEAK = YES;
				CLANG_WARN_BLOCK_CAPTURE_AUTORELEASING = YES;
				CLANG_WARN_BOOL_CONVERSION = YES;
				CLANG_WARN_COMMA = YES;
				CLANG_WARN_CONSTANT_CONVERSION = YES;
				CLANG_WARN_DEPRECATED_OBJC_IMPLEMENTATIONS = YES;
				CLANG_WARN_DIRECT_OBJC_ISA_USAGE = YES_ERROR;
				CLANG_WARN_DOCUMENTATION_COMMENTS = YES;
				CLANG_WARN_EMPTY_BODY = YES;
				CLANG_WARN_ENUM_CONVERSION = YES;
				CLANG_WARN_INFINITE_RECURSION = YES;
				CLANG_WARN_INT_CONVERSION = YES;
				CLANG_WARN_NON_LITERAL_NULL_CONVERSION = YES;
				CLANG_WARN_OBJC_IMPLICIT_RETAIN_SELF = YES;
				CLANG_WARN_OBJC_LITERAL_CONVERSION = YES;
				CLANG_WARN_OBJC_ROOT_CLASS = YES_ERROR;
				CLANG_WARN_QUOTED_INCLUDE_IN_FRAMEWORK_HEADER = YES;
				CLANG_WARN_RANGE_LOOP_ANALYSIS = YES;
				CLANG_WARN_STRICT_PROTOTYPES = YES;
				CLANG_WARN_SUSPICIOUS_MOVE = YES;
				CLANG_WARN_UNGUARDED_AVAILABILITY = YES_AGGRESSIVE;
				CLANG_WARN_UNREACHABLE_CODE = YES;
				CLANG_WARN__DUPLICATE_METHOD_MATCH = YES;
				COPY_PHASE_STRIP = NO;
				DEBUG_INFORMATION_FORMAT = dwarf;
				ENABLE_STRICT_OBJC_MSGSEND = YES;
				ENABLE_TESTABILITY = YES;
				GCC_C_LANGUAGE_STANDARD = gnu11;
				GCC_DYNAMIC_NO_PIC = NO;
				GCC_NO_COMMON_BLOCKS = YES;
				GCC_OPTIMIZATION_LEVEL = 0;
				GCC_PREPROCESSOR_DEFINITIONS = (
					"DEBUG=1",
					"$(inherited)",
				);
				GCC_WARN_64_TO_32_BIT_CONVERSION = YES;
				GCC_WARN_ABOUT_RETURN_TYPE = YES_ERROR;
				GCC_WARN_UNDECLARED_SELECTOR = YES;
				GCC_WARN_UNINITIALIZED_AUTOS = YES_AGGRESSIVE;
				GCC_WARN_UNUSED_FUNCTION = YES;
				GCC_WARN_UNUSED_VARIABLE = YES;
				IPHONEOS_DEPLOYMENT_TARGET = 14.5;
				MTL_ENABLE_DEBUG_INFO = INCLUDE_SOURCE;
				MTL_FAST_MATH = YES;
				ONLY_ACTIVE_ARCH = YES;
				SDKROOT = iphoneos;
				SWIFT_ACTIVE_COMPILATION_CONDITIONS = DEBUG;
				SWIFT_OPTIMIZATION_LEVEL = "-Onone";
			};
			name = Debug;
		};
		3E69FADB264C435B00310370 /* Release */ = {
			isa = XCBuildConfiguration;
			buildSettings = {
				ALWAYS_SEARCH_USER_PATHS = NO;
				CLANG_ANALYZER_NONNULL = YES;
				CLANG_ANALYZER_NUMBER_OBJECT_CONVERSION = YES_AGGRESSIVE;
				CLANG_CXX_LANGUAGE_STANDARD = "gnu++14";
				CLANG_CXX_LIBRARY = "libc++";
				CLANG_ENABLE_MODULES = YES;
				CLANG_ENABLE_OBJC_ARC = YES;
				CLANG_ENABLE_OBJC_WEAK = YES;
				CLANG_WARN_BLOCK_CAPTURE_AUTORELEASING = YES;
				CLANG_WARN_BOOL_CONVERSION = YES;
				CLANG_WARN_COMMA = YES;
				CLANG_WARN_CONSTANT_CONVERSION = YES;
				CLANG_WARN_DEPRECATED_OBJC_IMPLEMENTATIONS = YES;
				CLANG_WARN_DIRECT_OBJC_ISA_USAGE = YES_ERROR;
				CLANG_WARN_DOCUMENTATION_COMMENTS = YES;
				CLANG_WARN_EMPTY_BODY = YES;
				CLANG_WARN_ENUM_CONVERSION = YES;
				CLANG_WARN_INFINITE_RECURSION = YES;
				CLANG_WARN_INT_CONVERSION = YES;
				CLANG_WARN_NON_LITERAL_NULL_CONVERSION = YES;
				CLANG_WARN_OBJC_IMPLICIT_RETAIN_SELF = YES;
				CLANG_WARN_OBJC_LITERAL_CONVERSION = YES;
				CLANG_WARN_OBJC_ROOT_CLASS = YES_ERROR;
				CLANG_WARN_QUOTED_INCLUDE_IN_FRAMEWORK_HEADER = YES;
				CLANG_WARN_RANGE_LOOP_ANALYSIS = YES;
				CLANG_WARN_STRICT_PROTOTYPES = YES;
				CLANG_WARN_SUSPICIOUS_MOVE = YES;
				CLANG_WARN_UNGUARDED_AVAILABILITY = YES_AGGRESSIVE;
				CLANG_WARN_UNREACHABLE_CODE = YES;
				CLANG_WARN__DUPLICATE_METHOD_MATCH = YES;
				COPY_PHASE_STRIP = NO;
				DEBUG_INFORMATION_FORMAT = "dwarf-with-dsym";
				ENABLE_NS_ASSERTIONS = NO;
				ENABLE_STRICT_OBJC_MSGSEND = YES;
				GCC_C_LANGUAGE_STANDARD = gnu11;
				GCC_NO_COMMON_BLOCKS = YES;
				GCC_WARN_64_TO_32_BIT_CONVERSION = YES;
				GCC_WARN_ABOUT_RETURN_TYPE = YES_ERROR;
				GCC_WARN_UNDECLARED_SELECTOR = YES;
				GCC_WARN_UNINITIALIZED_AUTOS = YES_AGGRESSIVE;
				GCC_WARN_UNUSED_FUNCTION = YES;
				GCC_WARN_UNUSED_VARIABLE = YES;
				IPHONEOS_DEPLOYMENT_TARGET = 14.5;
				MTL_ENABLE_DEBUG_INFO = NO;
				MTL_FAST_MATH = YES;
				SDKROOT = iphoneos;
				SWIFT_COMPILATION_MODE = wholemodule;
				SWIFT_OPTIMIZATION_LEVEL = "-O";
				VALIDATE_PRODUCT = YES;
			};
			name = Release;
		};
		3E69FADD264C435B00310370 /* Debug */ = {
			isa = XCBuildConfiguration;
			buildSettings = {
				ASSETCATALOG_COMPILER_APPICON_NAME = AppIcon;
				ASSETCATALOG_COMPILER_GLOBAL_ACCENT_COLOR_NAME = AccentColor;
				CODE_SIGN_STYLE = Automatic;
				DEVELOPMENT_TEAM = X6RLZ99668;
				INFOPLIST_FILE = MoviesDemo/Info.plist;
				LD_RUNPATH_SEARCH_PATHS = (
					"$(inherited)",
					"@executable_path/Frameworks",
				);
				PRODUCT_BUNDLE_IDENTIFIER = "Andrew-Cheberyako.MoviesDemo";
				PRODUCT_NAME = "$(TARGET_NAME)";
				SWIFT_VERSION = 5.0;
				TARGETED_DEVICE_FAMILY = 1;
			};
			name = Debug;
		};
		3E69FADE264C435B00310370 /* Release */ = {
			isa = XCBuildConfiguration;
			buildSettings = {
				ASSETCATALOG_COMPILER_APPICON_NAME = AppIcon;
				ASSETCATALOG_COMPILER_GLOBAL_ACCENT_COLOR_NAME = AccentColor;
				CODE_SIGN_STYLE = Automatic;
				DEVELOPMENT_TEAM = X6RLZ99668;
				INFOPLIST_FILE = MoviesDemo/Info.plist;
				LD_RUNPATH_SEARCH_PATHS = (
					"$(inherited)",
					"@executable_path/Frameworks",
				);
				PRODUCT_BUNDLE_IDENTIFIER = "Andrew-Cheberyako.MoviesDemo";
				PRODUCT_NAME = "$(TARGET_NAME)";
				SWIFT_VERSION = 5.0;
				TARGETED_DEVICE_FAMILY = 1;
			};
			name = Release;
		};
/* End XCBuildConfiguration section */

/* Begin XCConfigurationList section */
		3E69FAC0264C435200310370 /* Build configuration list for PBXProject "MoviesDemo" */ = {
			isa = XCConfigurationList;
			buildConfigurations = (
				3E69FADA264C435B00310370 /* Debug */,
				3E69FADB264C435B00310370 /* Release */,
			);
			defaultConfigurationIsVisible = 0;
			defaultConfigurationName = Release;
		};
		3E69FADC264C435B00310370 /* Build configuration list for PBXNativeTarget "MoviesDemo" */ = {
			isa = XCConfigurationList;
			buildConfigurations = (
				3E69FADD264C435B00310370 /* Debug */,
				3E69FADE264C435B00310370 /* Release */,
			);
			defaultConfigurationIsVisible = 0;
			defaultConfigurationName = Release;
		};
/* End XCConfigurationList section */

/* Begin XCVersionGroup section */
		3E69FAD1264C435200310370 /* MoviesDemo.xcdatamodeld */ = {
			isa = XCVersionGroup;
			children = (
				3E69FAD2264C435200310370 /* MoviesDemo.xcdatamodel */,
			);
			currentVersion = 3E69FAD2264C435200310370 /* MoviesDemo.xcdatamodel */;
			path = MoviesDemo.xcdatamodeld;
			sourceTree = "<group>";
			versionGroupType = wrapper.xcdatamodel;
		};
/* End XCVersionGroup section */
	};
	rootObject = 3E69FABD264C435200310370 /* Project object */;
}
