// !$*UTF8*$!
{
	archiveVersion = 1;
	classes = {
	};
	objectVersion = 51;
	objects = {

/* Begin PBXBuildFile section */
		028118452CB9D7ACE0BA095C /* Pods_MoviesDemo.framework in Frameworks */ = {isa = PBXBuildFile; fileRef = B5ACB8388D7AF05396477FE1 /* Pods_MoviesDemo.framework */; };
		3E0C8F5E265564270030FFF1 /* SearchDataStruct.swift in Sources */ = {isa = PBXBuildFile; fileRef = 3E0C8F5D265564270030FFF1 /* SearchDataStruct.swift */; };
		3E438C4A266F9A1100510983 /* CombineNetworkManager.swift in Sources */ = {isa = PBXBuildFile; fileRef = 3E438C49266F9A1100510983 /* CombineNetworkManager.swift */; };
		3E438C4C266FA98300510983 /* TestViewController.swift in Sources */ = {isa = PBXBuildFile; fileRef = 3E438C4B266FA98300510983 /* TestViewController.swift */; };
		3E438C4E2670D28400510983 /* CombineNetworkDataResult.swift in Sources */ = {isa = PBXBuildFile; fileRef = 3E438C4D2670D28400510983 /* CombineNetworkDataResult.swift */; };
		3E6972DB2678F346009C0065 /* SimalarMoviewTableViewController.swift in Sources */ = {isa = PBXBuildFile; fileRef = 3E6972DA2678F346009C0065 /* SimalarMoviewTableViewController.swift */; };
		3E6972DD2678F47F009C0065 /* DataSimilar.swift in Sources */ = {isa = PBXBuildFile; fileRef = 3E6972DC2678F47F009C0065 /* DataSimilar.swift */; };
		3E6972DF267A4779009C0065 /* EmojiExplorerViewController.swift in Sources */ = {isa = PBXBuildFile; fileRef = 3E6972DE267A4779009C0065 /* EmojiExplorerViewController.swift */; };
		3E69FAC9264C435200310370 /* AppDelegate.swift in Sources */ = {isa = PBXBuildFile; fileRef = 3E69FAC8264C435200310370 /* AppDelegate.swift */; };
		3E69FACB264C435200310370 /* SceneDelegate.swift in Sources */ = {isa = PBXBuildFile; fileRef = 3E69FACA264C435200310370 /* SceneDelegate.swift */; };
		3E69FACD264C435200310370 /* ViewController.swift in Sources */ = {isa = PBXBuildFile; fileRef = 3E69FACC264C435200310370 /* ViewController.swift */; };
		3E69FAD0264C435200310370 /* Main.storyboard in Resources */ = {isa = PBXBuildFile; fileRef = 3E69FACE264C435200310370 /* Main.storyboard */; };
		3E69FAD3264C435200310370 /* MoviesDemo.xcdatamodeld in Sources */ = {isa = PBXBuildFile; fileRef = 3E69FAD1264C435200310370 /* MoviesDemo.xcdatamodeld */; };
		3E69FAD5264C435B00310370 /* Assets.xcassets in Resources */ = {isa = PBXBuildFile; fileRef = 3E69FAD4264C435B00310370 /* Assets.xcassets */; };
		3E69FAD8264C435B00310370 /* LaunchScreen.storyboard in Resources */ = {isa = PBXBuildFile; fileRef = 3E69FAD6264C435B00310370 /* LaunchScreen.storyboard */; };
		3E69FAE1264C440D00310370 /* NetworkManager.swift in Sources */ = {isa = PBXBuildFile; fileRef = 3E69FAE0264C440D00310370 /* NetworkManager.swift */; };
		3E6D7B4E2674EB4000B207F5 /* Emoji.swift in Sources */ = {isa = PBXBuildFile; fileRef = 3E6D7B4A2674EB4000B207F5 /* Emoji.swift */; };
		3E6D7B4F2674EB4000B207F5 /* EmojiDetailViewController.swift in Sources */ = {isa = PBXBuildFile; fileRef = 3E6D7B4B2674EB4000B207F5 /* EmojiDetailViewController.swift */; };
		3E6D7B5326752D5600B207F5 /* EmojiExplorerListViewController.swift in Sources */ = {isa = PBXBuildFile; fileRef = 3E6D7B5226752D5600B207F5 /* EmojiExplorerListViewController.swift */; };
		3E6D7B61267639CD00B207F5 /* CastomMoreMovieLayout.swift in Sources */ = {isa = PBXBuildFile; fileRef = 3E6D7B60267639CD00B207F5 /* CastomMoreMovieLayout.swift */; };
		3E6E46B3265954C30042D40E /* MoviewTBVViewModel.swift in Sources */ = {isa = PBXBuildFile; fileRef = 3E6E46B2265954C30042D40E /* MoviewTBVViewModel.swift */; };
		3E6E46B5265ABFEE0042D40E /* ModelSearch.swift in Sources */ = {isa = PBXBuildFile; fileRef = 3E6E46B4265ABFED0042D40E /* ModelSearch.swift */; };
		3E76C124265026E700EF6DD4 /* ImageDataFromURL.swift in Sources */ = {isa = PBXBuildFile; fileRef = 3E76C123265026E700EF6DD4 /* ImageDataFromURL.swift */; };
		3EAD212F265BD42500A17E19 /* SearchTableViewController.swift in Sources */ = {isa = PBXBuildFile; fileRef = 3EAD212E265BD42500A17E19 /* SearchTableViewController.swift */; };
		3EB6CD8A265EE0740028278C /* MoviesCollectionViewController.swift in Sources */ = {isa = PBXBuildFile; fileRef = 3EB6CD89265EE0740028278C /* MoviesCollectionViewController.swift */; };
		3EB6CD8C265EE47D0028278C /* MoviesCollectionViewCell.swift in Sources */ = {isa = PBXBuildFile; fileRef = 3EB6CD8B265EE47D0028278C /* MoviesCollectionViewCell.swift */; };
		3EB7F5FA2667CD7100CFF39A /* MoreInfoTableViewController.swift in Sources */ = {isa = PBXBuildFile; fileRef = 3EB7F5F92667CD7100CFF39A /* MoreInfoTableViewController.swift */; };
		3EB917132652B9D0003D6ACD /* CoreData.swift in Sources */ = {isa = PBXBuildFile; fileRef = 3EB917122652B9D0003D6ACD /* CoreData.swift */; };
		3EB9E79C264C47F400FD59B5 /* DataStruct.swift in Sources */ = {isa = PBXBuildFile; fileRef = 3EB9E79B264C47F400FD59B5 /* DataStruct.swift */; };
		3EB9E7A2264C573000FD59B5 /* MoreInfoViewController.swift in Sources */ = {isa = PBXBuildFile; fileRef = 3EB9E7A1264C573000FD59B5 /* MoreInfoViewController.swift */; };
		3EB9E7A4264C5A9900FD59B5 /* MoviesTableViewController.swift in Sources */ = {isa = PBXBuildFile; fileRef = 3EB9E7A3264C5A9900FD59B5 /* MoviesTableViewController.swift */; };
		3EBEA5372664186A0035A0F5 /* SimilarDataStruct.swift in Sources */ = {isa = PBXBuildFile; fileRef = 3EBEA5362664186A0035A0F5 /* SimilarDataStruct.swift */; };
		3EC26D162667E7DF00794843 /* MoreInfoCell.swift in Sources */ = {isa = PBXBuildFile; fileRef = 3EC26D142667E7DF00794843 /* MoreInfoCell.swift */; };
		3EC26D172667E7DF00794843 /* MoreInfoCell.xib in Resources */ = {isa = PBXBuildFile; fileRef = 3EC26D152667E7DF00794843 /* MoreInfoCell.xib */; };
		3EC26D1B266809AC00794843 /* TitleAndRatingTableViewCell.swift in Sources */ = {isa = PBXBuildFile; fileRef = 3EC26D19266809AC00794843 /* TitleAndRatingTableViewCell.swift */; };
		3EC26D1C266809AC00794843 /* TitleAndRatingTableViewCell.xib in Resources */ = {isa = PBXBuildFile; fileRef = 3EC26D1A266809AC00794843 /* TitleAndRatingTableViewCell.xib */; };
		3EFB0DBE266CBC1800A113E9 /* SimilarMoviesCell.swift in Sources */ = {isa = PBXBuildFile; fileRef = 3EFB0DBC266CBC1800A113E9 /* SimilarMoviesCell.swift */; };
		3EFB0DBF266CBC1800A113E9 /* SimilarMoviesCell.xib in Resources */ = {isa = PBXBuildFile; fileRef = 3EFB0DBD266CBC1800A113E9 /* SimilarMoviesCell.xib */; };
/* End PBXBuildFile section */

/* Begin PBXFileReference section */
		3E0C8F5D265564270030FFF1 /* SearchDataStruct.swift */ = {isa = PBXFileReference; lastKnownFileType = sourcecode.swift; path = SearchDataStruct.swift; sourceTree = "<group>"; };
		3E438C49266F9A1100510983 /* CombineNetworkManager.swift */ = {isa = PBXFileReference; lastKnownFileType = sourcecode.swift; path = CombineNetworkManager.swift; sourceTree = "<group>"; };
		3E438C4B266FA98300510983 /* TestViewController.swift */ = {isa = PBXFileReference; lastKnownFileType = sourcecode.swift; path = TestViewController.swift; sourceTree = "<group>"; };
		3E438C4D2670D28400510983 /* CombineNetworkDataResult.swift */ = {isa = PBXFileReference; lastKnownFileType = sourcecode.swift; path = CombineNetworkDataResult.swift; sourceTree = "<group>"; };
		3E6972DA2678F346009C0065 /* SimalarMoviewTableViewController.swift */ = {isa = PBXFileReference; lastKnownFileType = sourcecode.swift; path = SimalarMoviewTableViewController.swift; sourceTree = "<group>"; };
		3E6972DC2678F47F009C0065 /* DataSimilar.swift */ = {isa = PBXFileReference; lastKnownFileType = sourcecode.swift; path = DataSimilar.swift; sourceTree = "<group>"; };
		3E6972DE267A4779009C0065 /* EmojiExplorerViewController.swift */ = {isa = PBXFileReference; fileEncoding = 4; lastKnownFileType = sourcecode.swift; path = EmojiExplorerViewController.swift; sourceTree = "<group>"; };
		3E69FAC5264C435200310370 /* MoviesDemo.app */ = {isa = PBXFileReference; explicitFileType = wrapper.application; includeInIndex = 0; path = MoviesDemo.app; sourceTree = BUILT_PRODUCTS_DIR; };
		3E69FAC8264C435200310370 /* AppDelegate.swift */ = {isa = PBXFileReference; lastKnownFileType = sourcecode.swift; path = AppDelegate.swift; sourceTree = "<group>"; };
		3E69FACA264C435200310370 /* SceneDelegate.swift */ = {isa = PBXFileReference; lastKnownFileType = sourcecode.swift; path = SceneDelegate.swift; sourceTree = "<group>"; };
		3E69FACC264C435200310370 /* ViewController.swift */ = {isa = PBXFileReference; lastKnownFileType = sourcecode.swift; path = ViewController.swift; sourceTree = "<group>"; };
		3E69FACF264C435200310370 /* Base */ = {isa = PBXFileReference; lastKnownFileType = file.storyboard; name = Base; path = Base.lproj/Main.storyboard; sourceTree = "<group>"; };
		3E69FAD2264C435200310370 /* MoviesDemo.xcdatamodel */ = {isa = PBXFileReference; lastKnownFileType = wrapper.xcdatamodel; path = MoviesDemo.xcdatamodel; sourceTree = "<group>"; };
		3E69FAD4264C435B00310370 /* Assets.xcassets */ = {isa = PBXFileReference; lastKnownFileType = folder.assetcatalog; path = Assets.xcassets; sourceTree = "<group>"; };
		3E69FAD7264C435B00310370 /* Base */ = {isa = PBXFileReference; lastKnownFileType = file.storyboard; name = Base; path = Base.lproj/LaunchScreen.storyboard; sourceTree = "<group>"; };
		3E69FAD9264C435B00310370 /* Info.plist */ = {isa = PBXFileReference; lastKnownFileType = text.plist.xml; path = Info.plist; sourceTree = "<group>"; };
		3E69FAE0264C440D00310370 /* NetworkManager.swift */ = {isa = PBXFileReference; lastKnownFileType = sourcecode.swift; path = NetworkManager.swift; sourceTree = "<group>"; };
		3E6D7B4A2674EB4000B207F5 /* Emoji.swift */ = {isa = PBXFileReference; fileEncoding = 4; lastKnownFileType = sourcecode.swift; path = Emoji.swift; sourceTree = "<group>"; };
		3E6D7B4B2674EB4000B207F5 /* EmojiDetailViewController.swift */ = {isa = PBXFileReference; fileEncoding = 4; lastKnownFileType = sourcecode.swift; path = EmojiDetailViewController.swift; sourceTree = "<group>"; };
		3E6D7B5226752D5600B207F5 /* EmojiExplorerListViewController.swift */ = {isa = PBXFileReference; fileEncoding = 4; lastKnownFileType = sourcecode.swift; path = EmojiExplorerListViewController.swift; sourceTree = "<group>"; };
		3E6D7B60267639CD00B207F5 /* CastomMoreMovieLayout.swift */ = {isa = PBXFileReference; lastKnownFileType = sourcecode.swift; path = CastomMoreMovieLayout.swift; sourceTree = "<group>"; };
		3E6E46B2265954C30042D40E /* MoviewTBVViewModel.swift */ = {isa = PBXFileReference; lastKnownFileType = sourcecode.swift; path = MoviewTBVViewModel.swift; sourceTree = "<group>"; };
		3E6E46B4265ABFED0042D40E /* ModelSearch.swift */ = {isa = PBXFileReference; lastKnownFileType = sourcecode.swift; path = ModelSearch.swift; sourceTree = "<group>"; };
		3E76C123265026E700EF6DD4 /* ImageDataFromURL.swift */ = {isa = PBXFileReference; lastKnownFileType = sourcecode.swift; path = ImageDataFromURL.swift; sourceTree = "<group>"; };
		3EAD212E265BD42500A17E19 /* SearchTableViewController.swift */ = {isa = PBXFileReference; lastKnownFileType = sourcecode.swift; path = SearchTableViewController.swift; sourceTree = "<group>"; };
		3EB6CD89265EE0740028278C /* MoviesCollectionViewController.swift */ = {isa = PBXFileReference; lastKnownFileType = sourcecode.swift; path = MoviesCollectionViewController.swift; sourceTree = "<group>"; };
		3EB6CD8B265EE47D0028278C /* MoviesCollectionViewCell.swift */ = {isa = PBXFileReference; lastKnownFileType = sourcecode.swift; path = MoviesCollectionViewCell.swift; sourceTree = "<group>"; };
		3EB7F5F92667CD7100CFF39A /* MoreInfoTableViewController.swift */ = {isa = PBXFileReference; lastKnownFileType = sourcecode.swift; path = MoreInfoTableViewController.swift; sourceTree = "<group>"; };
		3EB917122652B9D0003D6ACD /* CoreData.swift */ = {isa = PBXFileReference; lastKnownFileType = sourcecode.swift; path = CoreData.swift; sourceTree = "<group>"; };
		3EB9E79B264C47F400FD59B5 /* DataStruct.swift */ = {isa = PBXFileReference; lastKnownFileType = sourcecode.swift; path = DataStruct.swift; sourceTree = "<group>"; };
		3EB9E7A1264C573000FD59B5 /* MoreInfoViewController.swift */ = {isa = PBXFileReference; lastKnownFileType = sourcecode.swift; path = MoreInfoViewController.swift; sourceTree = "<group>"; };
		3EB9E7A3264C5A9900FD59B5 /* MoviesTableViewController.swift */ = {isa = PBXFileReference; lastKnownFileType = sourcecode.swift; path = MoviesTableViewController.swift; sourceTree = "<group>"; };
		3EBEA5362664186A0035A0F5 /* SimilarDataStruct.swift */ = {isa = PBXFileReference; lastKnownFileType = sourcecode.swift; path = SimilarDataStruct.swift; sourceTree = "<group>"; };
		3EC26D142667E7DF00794843 /* MoreInfoCell.swift */ = {isa = PBXFileReference; lastKnownFileType = sourcecode.swift; path = MoreInfoCell.swift; sourceTree = "<group>"; };
		3EC26D152667E7DF00794843 /* MoreInfoCell.xib */ = {isa = PBXFileReference; lastKnownFileType = file.xib; path = MoreInfoCell.xib; sourceTree = "<group>"; };
		3EC26D19266809AC00794843 /* TitleAndRatingTableViewCell.swift */ = {isa = PBXFileReference; lastKnownFileType = sourcecode.swift; path = TitleAndRatingTableViewCell.swift; sourceTree = "<group>"; };
		3EC26D1A266809AC00794843 /* TitleAndRatingTableViewCell.xib */ = {isa = PBXFileReference; lastKnownFileType = file.xib; path = TitleAndRatingTableViewCell.xib; sourceTree = "<group>"; };
		3EFB0DBC266CBC1800A113E9 /* SimilarMoviesCell.swift */ = {isa = PBXFileReference; lastKnownFileType = sourcecode.swift; path = SimilarMoviesCell.swift; sourceTree = "<group>"; };
		3EFB0DBD266CBC1800A113E9 /* SimilarMoviesCell.xib */ = {isa = PBXFileReference; lastKnownFileType = file.xib; path = SimilarMoviesCell.xib; sourceTree = "<group>"; };
		B2CA1168494C76A2D7F21F21 /* Pods-MoviesDemo.release.xcconfig */ = {isa = PBXFileReference; includeInIndex = 1; lastKnownFileType = text.xcconfig; name = "Pods-MoviesDemo.release.xcconfig"; path = "Target Support Files/Pods-MoviesDemo/Pods-MoviesDemo.release.xcconfig"; sourceTree = "<group>"; };
		B5ACB8388D7AF05396477FE1 /* Pods_MoviesDemo.framework */ = {isa = PBXFileReference; explicitFileType = wrapper.framework; includeInIndex = 0; path = Pods_MoviesDemo.framework; sourceTree = BUILT_PRODUCTS_DIR; };
		DB9639D043A8F8EDD44E0CE1 /* Pods-MoviesDemo.debug.xcconfig */ = {isa = PBXFileReference; includeInIndex = 1; lastKnownFileType = text.xcconfig; name = "Pods-MoviesDemo.debug.xcconfig"; path = "Target Support Files/Pods-MoviesDemo/Pods-MoviesDemo.debug.xcconfig"; sourceTree = "<group>"; };
/* End PBXFileReference section */

/* Begin PBXFrameworksBuildPhase section */
		3E69FAC2264C435200310370 /* Frameworks */ = {
			isa = PBXFrameworksBuildPhase;
			buildActionMask = 2147483647;
			files = (
				028118452CB9D7ACE0BA095C /* Pods_MoviesDemo.framework in Frameworks */,
			);
			runOnlyForDeploymentPostprocessing = 0;
		};
/* End PBXFrameworksBuildPhase section */

/* Begin PBXGroup section */
		046D652F60CAB89A551C6291 /* Pods */ = {
			isa = PBXGroup;
			children = (
				DB9639D043A8F8EDD44E0CE1 /* Pods-MoviesDemo.debug.xcconfig */,
				B2CA1168494C76A2D7F21F21 /* Pods-MoviesDemo.release.xcconfig */,
			);
			path = Pods;
			sourceTree = "<group>";
		};
		1B2B004785017ACDFF91FB15 /* Frameworks */ = {
			isa = PBXGroup;
			children = (
				B5ACB8388D7AF05396477FE1 /* Pods_MoviesDemo.framework */,
			);
			name = Frameworks;
			sourceTree = "<group>";
		};
		3E67AC2C265FA971002F473A /* CollectionView */ = {
			isa = PBXGroup;
			children = (
				3EB6CD89265EE0740028278C /* MoviesCollectionViewController.swift */,
				3EB6CD8B265EE47D0028278C /* MoviesCollectionViewCell.swift */,
			);
			name = CollectionView;
			sourceTree = "<group>";
		};
		3E69FABC264C435200310370 = {
			isa = PBXGroup;
			children = (
				3E69FAC7264C435200310370 /* MoviesDemo */,
				3E69FAC6264C435200310370 /* Products */,
				046D652F60CAB89A551C6291 /* Pods */,
				1B2B004785017ACDFF91FB15 /* Frameworks */,
			);
			sourceTree = "<group>";
		};
		3E69FAC6264C435200310370 /* Products */ = {
			isa = PBXGroup;
			children = (
				3E69FAC5264C435200310370 /* MoviesDemo.app */,
			);
			name = Products;
			sourceTree = "<group>";
		};
		3E69FAC7264C435200310370 /* MoviesDemo */ = {
			isa = PBXGroup;
			children = (
				3E69FAC8264C435200310370 /* AppDelegate.swift */,
				3E69FACA264C435200310370 /* SceneDelegate.swift */,
				3EB917112652B993003D6ACD /* CoreData */,
				3E76C125265030A400EF6DD4 /* ViewControllers */,
				3E76C1222650214700EF6DD4 /* Model */,
				3E69FADF264C43C700310370 /* Network */,
				3E69FACE264C435200310370 /* Main.storyboard */,
				3E69FAD4264C435B00310370 /* Assets.xcassets */,
				3E69FAD6264C435B00310370 /* LaunchScreen.storyboard */,
				3E69FAD9264C435B00310370 /* Info.plist */,
				3E69FAD1264C435200310370 /* MoviesDemo.xcdatamodeld */,
			);
			path = MoviesDemo;
			sourceTree = "<group>";
		};
		3E69FADF264C43C700310370 /* Network */ = {
			isa = PBXGroup;
			children = (
				3E69FAE0264C440D00310370 /* NetworkManager.swift */,
				3E438C49266F9A1100510983 /* CombineNetworkManager.swift */,
				3E438C4D2670D28400510983 /* CombineNetworkDataResult.swift */,
				3EB9E79B264C47F400FD59B5 /* DataStruct.swift */,
				3E6972DC2678F47F009C0065 /* DataSimilar.swift */,
				3E0C8F5D265564270030FFF1 /* SearchDataStruct.swift */,
				3EBEA5362664186A0035A0F5 /* SimilarDataStruct.swift */,
			);
			path = Network;
			sourceTree = "<group>";
		};
		3E6D7B3F2674A97200B207F5 /* CastomLayout */ = {
			isa = PBXGroup;
			children = (
				3E6D7B60267639CD00B207F5 /* CastomMoreMovieLayout.swift */,
				3E6D7B5F2676388F00B207F5 /* AppleDemo */,
			);
			name = CastomLayout;
			sourceTree = "<group>";
		};
		3E6D7B5F2676388F00B207F5 /* AppleDemo */ = {
			isa = PBXGroup;
			children = (
				3E6D7B4A2674EB4000B207F5 /* Emoji.swift */,
				3E6972DE267A4779009C0065 /* EmojiExplorerViewController.swift */,
				3E6D7B5226752D5600B207F5 /* EmojiExplorerListViewController.swift */,
				3E6D7B4B2674EB4000B207F5 /* EmojiDetailViewController.swift */,
			);
			name = AppleDemo;
			sourceTree = "<group>";
		};
		3E76C1222650214700EF6DD4 /* Model */ = {
			isa = PBXGroup;
			children = (
				3E76C123265026E700EF6DD4 /* ImageDataFromURL.swift */,
				3E6E46B2265954C30042D40E /* MoviewTBVViewModel.swift */,
				3E6E46B4265ABFED0042D40E /* ModelSearch.swift */,
			);
			name = Model;
			sourceTree = "<group>";
		};
		3E76C125265030A400EF6DD4 /* ViewControllers */ = {
			isa = PBXGroup;
			children = (
				3E67AC2C265FA971002F473A /* CollectionView */,
				3EB7F5F82667CD3B00CFF39A /* MoreInfoFolder */,
				3E69FACC264C435200310370 /* ViewController.swift */,
				3EAD212E265BD42500A17E19 /* SearchTableViewController.swift */,
				3EB9E7A3264C5A9900FD59B5 /* MoviesTableViewController.swift */,
				3E438C4B266FA98300510983 /* TestViewController.swift */,
				3E6972DA2678F346009C0065 /* SimalarMoviewTableViewController.swift */,
				3E6D7B3F2674A97200B207F5 /* CastomLayout */,
			);
			path = ViewControllers;
			sourceTree = "<group>";
		};
		3EB7F5F82667CD3B00CFF39A /* MoreInfoFolder */ = {
			isa = PBXGroup;
			children = (
				3EB9E7A1264C573000FD59B5 /* MoreInfoViewController.swift */,
				3EB7F5F92667CD7100CFF39A /* MoreInfoTableViewController.swift */,
				3EC26D182668097A00794843 /* CellForMoreInfoTV */,
			);
			name = MoreInfoFolder;
			sourceTree = "<group>";
		};
		3EB917112652B993003D6ACD /* CoreData */ = {
			isa = PBXGroup;
			children = (
				3EB917122652B9D0003D6ACD /* CoreData.swift */,
			);
			name = CoreData;
			sourceTree = "<group>";
		};
		3EC26D182668097A00794843 /* CellForMoreInfoTV */ = {
			isa = PBXGroup;
			children = (
				3EFB0DBC266CBC1800A113E9 /* SimilarMoviesCell.swift */,
				3EFB0DBD266CBC1800A113E9 /* SimilarMoviesCell.xib */,
				3EC26D142667E7DF00794843 /* MoreInfoCell.swift */,
				3EC26D152667E7DF00794843 /* MoreInfoCell.xib */,
				3EC26D19266809AC00794843 /* TitleAndRatingTableViewCell.swift */,
				3EC26D1A266809AC00794843 /* TitleAndRatingTableViewCell.xib */,
			);
			name = CellForMoreInfoTV;
			sourceTree = "<group>";
		};
/* End PBXGroup section */

/* Begin PBXNativeTarget section */
		3E69FAC4264C435200310370 /* MoviesDemo */ = {
			isa = PBXNativeTarget;
			buildConfigurationList = 3E69FADC264C435B00310370 /* Build configuration list for PBXNativeTarget "MoviesDemo" */;
			buildPhases = (
				76A4156CCE1FC2DD0A7FF30D /* [CP] Check Pods Manifest.lock */,
				3E69FAC1264C435200310370 /* Sources */,
				3E69FAC2264C435200310370 /* Frameworks */,
				3E69FAC3264C435200310370 /* Resources */,
				6F582173B9286C10607494EF /* [CP] Embed Pods Frameworks */,
			);
			buildRules = (
			);
			dependencies = (
			);
			name = MoviesDemo;
			productName = MoviesDemo;
			productReference = 3E69FAC5264C435200310370 /* MoviesDemo.app */;
			productType = "com.apple.product-type.application";
		};
/* End PBXNativeTarget section */

/* Begin PBXProject section */
		3E69FABD264C435200310370 /* Project object */ = {
			isa = PBXProject;
			attributes = {
				LastSwiftUpdateCheck = 1250;
				LastUpgradeCheck = 1250;
				TargetAttributes = {
					3E69FAC4264C435200310370 = {
						CreatedOnToolsVersion = 12.5;
					};
				};
			};
			buildConfigurationList = 3E69FAC0264C435200310370 /* Build configuration list for PBXProject "MoviesDemo" */;
			compatibilityVersion = "Xcode 9.3";
			developmentRegion = en;
			hasScannedForEncodings = 0;
			knownRegions = (
				en,
				Base,
			);
			mainGroup = 3E69FABC264C435200310370;
			productRefGroup = 3E69FAC6264C435200310370 /* Products */;
			projectDirPath = "";
			projectRoot = "";
			targets = (
				3E69FAC4264C435200310370 /* MoviesDemo */,
			);
		};
/* End PBXProject section */

/* Begin PBXResourcesBuildPhase section */
		3E69FAC3264C435200310370 /* Resources */ = {
			isa = PBXResourcesBuildPhase;
			buildActionMask = 2147483647;
			files = (
				3EC26D172667E7DF00794843 /* MoreInfoCell.xib in Resources */,
				3E69FAD8264C435B00310370 /* LaunchScreen.storyboard in Resources */,
				3EC26D1C266809AC00794843 /* TitleAndRatingTableViewCell.xib in Resources */,
				3E69FAD5264C435B00310370 /* Assets.xcassets in Resources */,
				3EFB0DBF266CBC1800A113E9 /* SimilarMoviesCell.xib in Resources */,
				3E69FAD0264C435200310370 /* Main.storyboard in Resources */,
			);
			runOnlyForDeploymentPostprocessing = 0;
		};
/* End PBXResourcesBuildPhase section */

/* Begin PBXShellScriptBuildPhase section */
		6F582173B9286C10607494EF /* [CP] Embed Pods Frameworks */ = {
			isa = PBXShellScriptBuildPhase;
			buildActionMask = 2147483647;
			files = (
			);
			inputFileListPaths = (
				"${PODS_ROOT}/Target Support Files/Pods-MoviesDemo/Pods-MoviesDemo-frameworks-${CONFIGURATION}-input-files.xcfilelist",
			);
			name = "[CP] Embed Pods Frameworks";
			outputFileListPaths = (
				"${PODS_ROOT}/Target Support Files/Pods-MoviesDemo/Pods-MoviesDemo-frameworks-${CONFIGURATION}-output-files.xcfilelist",
			);
			runOnlyForDeploymentPostprocessing = 0;
			shellPath = /bin/sh;
			shellScript = "\"${PODS_ROOT}/Target Support Files/Pods-MoviesDemo/Pods-MoviesDemo-frameworks.sh\"\n";
			showEnvVarsInLog = 0;
		};
		76A4156CCE1FC2DD0A7FF30D /* [CP] Check Pods Manifest.lock */ = {
			isa = PBXShellScriptBuildPhase;
			buildActionMask = 2147483647;
			files = (
			);
			inputFileListPaths = (
			);
			inputPaths = (
				"${PODS_PODFILE_DIR_PATH}/Podfile.lock",
				"${PODS_ROOT}/Manifest.lock",
			);
			name = "[CP] Check Pods Manifest.lock";
			outputFileListPaths = (
			);
			outputPaths = (
				"$(DERIVED_FILE_DIR)/Pods-MoviesDemo-checkManifestLockResult.txt",
			);
			runOnlyForDeploymentPostprocessing = 0;
			shellPath = /bin/sh;
			shellScript = "diff \"${PODS_PODFILE_DIR_PATH}/Podfile.lock\" \"${PODS_ROOT}/Manifest.lock\" > /dev/null\nif [ $? != 0 ] ; then\n    # print error to STDERR\n    echo \"error: The sandbox is not in sync with the Podfile.lock. Run 'pod install' or update your CocoaPods installation.\" >&2\n    exit 1\nfi\n# This output is used by Xcode 'outputs' to avoid re-running this script phase.\necho \"SUCCESS\" > \"${SCRIPT_OUTPUT_FILE_0}\"\n";
			showEnvVarsInLog = 0;
		};
/* End PBXShellScriptBuildPhase section */

/* Begin PBXSourcesBuildPhase section */
		3E69FAC1264C435200310370 /* Sources */ = {
			isa = PBXSourcesBuildPhase;
			buildActionMask = 2147483647;
			files = (
				3E69FACD264C435200310370 /* ViewController.swift in Sources */,
				3EC26D162667E7DF00794843 /* MoreInfoCell.swift in Sources */,
				3E438C4C266FA98300510983 /* TestViewController.swift in Sources */,
				3EFB0DBE266CBC1800A113E9 /* SimilarMoviesCell.swift in Sources */,
				3E76C124265026E700EF6DD4 /* ImageDataFromURL.swift in Sources */,
				3E69FAC9264C435200310370 /* AppDelegate.swift in Sources */,
				3EB917132652B9D0003D6ACD /* CoreData.swift in Sources */,
				3EB9E79C264C47F400FD59B5 /* DataStruct.swift in Sources */,
				3E6972DB2678F346009C0065 /* SimalarMoviewTableViewController.swift in Sources */,
				3E6D7B4F2674EB4000B207F5 /* EmojiDetailViewController.swift in Sources */,
				3E6972DF267A4779009C0065 /* EmojiExplorerViewController.swift in Sources */,
				3E6E46B3265954C30042D40E /* MoviewTBVViewModel.swift in Sources */,
				3E438C4E2670D28400510983 /* CombineNetworkDataResult.swift in Sources */,
				3E438C4A266F9A1100510983 /* CombineNetworkManager.swift in Sources */,
				3EB7F5FA2667CD7100CFF39A /* MoreInfoTableViewController.swift in Sources */,
				3E6D7B4E2674EB4000B207F5 /* Emoji.swift in Sources */,
				3E6D7B61267639CD00B207F5 /* CastomMoreMovieLayout.swift in Sources */,
				3E69FAE1264C440D00310370 /* NetworkManager.swift in Sources */,
				3E6D7B5326752D5600B207F5 /* EmojiExplorerListViewController.swift in Sources */,
				3EAD212F265BD42500A17E19 /* SearchTableViewController.swift in Sources */,
				3E6972DD2678F47F009C0065 /* DataSimilar.swift in Sources */,
				3EB6CD8C265EE47D0028278C /* MoviesCollectionViewCell.swift in Sources */,
				3EC26D1B266809AC00794843 /* TitleAndRatingTableViewCell.swift in Sources */,
				3E6E46B5265ABFEE0042D40E /* ModelSearch.swift in Sources */,
				3EBEA5372664186A0035A0F5 /* SimilarDataStruct.swift in Sources */,
				3EB6CD8A265EE0740028278C /* MoviesCollectionViewController.swift in Sources */,
				3EB9E7A2264C573000FD59B5 /* MoreInfoViewController.swift in Sources */,
				3EB9E7A4264C5A9900FD59B5 /* MoviesTableViewController.swift in Sources */,
				3E69FACB264C435200310370 /* SceneDelegate.swift in Sources */,
				3E0C8F5E265564270030FFF1 /* SearchDataStruct.swift in Sources */,
				3E69FAD3264C435200310370 /* MoviesDemo.xcdatamodeld in Sources */,
			);
			runOnlyForDeploymentPostprocessing = 0;
		};
/* End PBXSourcesBuildPhase section */

/* Begin PBXVariantGroup section */
		3E69FACE264C435200310370 /* Main.storyboard */ = {
			isa = PBXVariantGroup;
			children = (
				3E69FACF264C435200310370 /* Base */,
			);
			name = Main.storyboard;
			sourceTree = "<group>";
		};
		3E69FAD6264C435B00310370 /* LaunchScreen.storyboard */ = {
			isa = PBXVariantGroup;
			children = (
				3E69FAD7264C435B00310370 /* Base */,
			);
			name = LaunchScreen.storyboard;
			sourceTree = "<group>";
		};
/* End PBXVariantGroup section */

/* Begin XCBuildConfiguration section */
		3E69FADA264C435B00310370 /* Debug */ = {
			isa = XCBuildConfiguration;
			buildSettings = {
				ALWAYS_SEARCH_USER_PATHS = NO;
				CLANG_ANALYZER_NONNULL = YES;
				CLANG_ANALYZER_NUMBER_OBJECT_CONVERSION = YES_AGGRESSIVE;
				CLANG_CXX_LANGUAGE_STANDARD = "gnu++14";
				CLANG_CXX_LIBRARY = "libc++";
				CLANG_ENABLE_MODULES = YES;
				CLANG_ENABLE_OBJC_ARC = YES;
				CLANG_ENABLE_OBJC_WEAK = YES;
				CLANG_WARN_BLOCK_CAPTURE_AUTORELEASING = YES;
				CLANG_WARN_BOOL_CONVERSION = YES;
				CLANG_WARN_COMMA = YES;
				CLANG_WARN_CONSTANT_CONVERSION = YES;
				CLANG_WARN_DEPRECATED_OBJC_IMPLEMENTATIONS = YES;
				CLANG_WARN_DIRECT_OBJC_ISA_USAGE = YES_ERROR;
				CLANG_WARN_DOCUMENTATION_COMMENTS = YES;
				CLANG_WARN_EMPTY_BODY = YES;
				CLANG_WARN_ENUM_CONVERSION = YES;
				CLANG_WARN_INFINITE_RECURSION = YES;
				CLANG_WARN_INT_CONVERSION = YES;
				CLANG_WARN_NON_LITERAL_NULL_CONVERSION = YES;
				CLANG_WARN_OBJC_IMPLICIT_RETAIN_SELF = YES;
				CLANG_WARN_OBJC_LITERAL_CONVERSION = YES;
				CLANG_WARN_OBJC_ROOT_CLASS = YES_ERROR;
				CLANG_WARN_QUOTED_INCLUDE_IN_FRAMEWORK_HEADER = YES;
				CLANG_WARN_RANGE_LOOP_ANALYSIS = YES;
				CLANG_WARN_STRICT_PROTOTYPES = YES;
				CLANG_WARN_SUSPICIOUS_MOVE = YES;
				CLANG_WARN_UNGUARDED_AVAILABILITY = YES_AGGRESSIVE;
				CLANG_WARN_UNREACHABLE_CODE = YES;
				CLANG_WARN__DUPLICATE_METHOD_MATCH = YES;
				COPY_PHASE_STRIP = NO;
				DEBUG_INFORMATION_FORMAT = dwarf;
				ENABLE_STRICT_OBJC_MSGSEND = YES;
				ENABLE_TESTABILITY = YES;
				GCC_C_LANGUAGE_STANDARD = gnu11;
				GCC_DYNAMIC_NO_PIC = NO;
				GCC_NO_COMMON_BLOCKS = YES;
				GCC_OPTIMIZATION_LEVEL = 0;
				GCC_PREPROCESSOR_DEFINITIONS = (
					"DEBUG=1",
					"$(inherited)",
				);
				GCC_WARN_64_TO_32_BIT_CONVERSION = YES;
				GCC_WARN_ABOUT_RETURN_TYPE = YES_ERROR;
				GCC_WARN_UNDECLARED_SELECTOR = YES;
				GCC_WARN_UNINITIALIZED_AUTOS = YES_AGGRESSIVE;
				GCC_WARN_UNUSED_FUNCTION = YES;
				GCC_WARN_UNUSED_VARIABLE = YES;
				IPHONEOS_DEPLOYMENT_TARGET = 14.5;
				MTL_ENABLE_DEBUG_INFO = INCLUDE_SOURCE;
				MTL_FAST_MATH = YES;
				ONLY_ACTIVE_ARCH = YES;
				SDKROOT = iphoneos;
				SWIFT_ACTIVE_COMPILATION_CONDITIONS = DEBUG;
				SWIFT_OPTIMIZATION_LEVEL = "-Onone";
			};
			name = Debug;
		};
		3E69FADB264C435B00310370 /* Release */ = {
			isa = XCBuildConfiguration;
			buildSettings = {
				ALWAYS_SEARCH_USER_PATHS = NO;
				CLANG_ANALYZER_NONNULL = YES;
				CLANG_ANALYZER_NUMBER_OBJECT_CONVERSION = YES_AGGRESSIVE;
				CLANG_CXX_LANGUAGE_STANDARD = "gnu++14";
				CLANG_CXX_LIBRARY = "libc++";
				CLANG_ENABLE_MODULES = YES;
				CLANG_ENABLE_OBJC_ARC = YES;
				CLANG_ENABLE_OBJC_WEAK = YES;
				CLANG_WARN_BLOCK_CAPTURE_AUTORELEASING = YES;
				CLANG_WARN_BOOL_CONVERSION = YES;
				CLANG_WARN_COMMA = YES;
				CLANG_WARN_CONSTANT_CONVERSION = YES;
				CLANG_WARN_DEPRECATED_OBJC_IMPLEMENTATIONS = YES;
				CLANG_WARN_DIRECT_OBJC_ISA_USAGE = YES_ERROR;
				CLANG_WARN_DOCUMENTATION_COMMENTS = YES;
				CLANG_WARN_EMPTY_BODY = YES;
				CLANG_WARN_ENUM_CONVERSION = YES;
				CLANG_WARN_INFINITE_RECURSION = YES;
				CLANG_WARN_INT_CONVERSION = YES;
				CLANG_WARN_NON_LITERAL_NULL_CONVERSION = YES;
				CLANG_WARN_OBJC_IMPLICIT_RETAIN_SELF = YES;
				CLANG_WARN_OBJC_LITERAL_CONVERSION = YES;
				CLANG_WARN_OBJC_ROOT_CLASS = YES_ERROR;
				CLANG_WARN_QUOTED_INCLUDE_IN_FRAMEWORK_HEADER = YES;
				CLANG_WARN_RANGE_LOOP_ANALYSIS = YES;
				CLANG_WARN_STRICT_PROTOTYPES = YES;
				CLANG_WARN_SUSPICIOUS_MOVE = YES;
				CLANG_WARN_UNGUARDED_AVAILABILITY = YES_AGGRESSIVE;
				CLANG_WARN_UNREACHABLE_CODE = YES;
				CLANG_WARN__DUPLICATE_METHOD_MATCH = YES;
				COPY_PHASE_STRIP = NO;
				DEBUG_INFORMATION_FORMAT = "dwarf-with-dsym";
				ENABLE_NS_ASSERTIONS = NO;
				ENABLE_STRICT_OBJC_MSGSEND = YES;
				GCC_C_LANGUAGE_STANDARD = gnu11;
				GCC_NO_COMMON_BLOCKS = YES;
				GCC_WARN_64_TO_32_BIT_CONVERSION = YES;
				GCC_WARN_ABOUT_RETURN_TYPE = YES_ERROR;
				GCC_WARN_UNDECLARED_SELECTOR = YES;
				GCC_WARN_UNINITIALIZED_AUTOS = YES_AGGRESSIVE;
				GCC_WARN_UNUSED_FUNCTION = YES;
				GCC_WARN_UNUSED_VARIABLE = YES;
				IPHONEOS_DEPLOYMENT_TARGET = 14.5;
				MTL_ENABLE_DEBUG_INFO = NO;
				MTL_FAST_MATH = YES;
				SDKROOT = iphoneos;
				SWIFT_COMPILATION_MODE = wholemodule;
				SWIFT_OPTIMIZATION_LEVEL = "-O";
				VALIDATE_PRODUCT = YES;
			};
			name = Release;
		};
		3E69FADD264C435B00310370 /* Debug */ = {
			isa = XCBuildConfiguration;
			baseConfigurationReference = DB9639D043A8F8EDD44E0CE1 /* Pods-MoviesDemo.debug.xcconfig */;
			buildSettings = {
				ASSETCATALOG_COMPILER_APPICON_NAME = AppIcon;
				ASSETCATALOG_COMPILER_GLOBAL_ACCENT_COLOR_NAME = AccentColor;
				CODE_SIGN_STYLE = Automatic;
				DEVELOPMENT_TEAM = X6RLZ99668;
				INFOPLIST_FILE = MoviesDemo/Info.plist;
				LD_RUNPATH_SEARCH_PATHS = (
					"$(inherited)",
					"@executable_path/Frameworks",
				);
				PRODUCT_BUNDLE_IDENTIFIER = "Andrew-Cheberyako.MoviesDemo";
				PRODUCT_NAME = "$(TARGET_NAME)";
				SWIFT_VERSION = 5.0;
				TARGETED_DEVICE_FAMILY = 1;
			};
			name = Debug;
		};
		3E69FADE264C435B00310370 /* Release */ = {
			isa = XCBuildConfiguration;
			baseConfigurationReference = B2CA1168494C76A2D7F21F21 /* Pods-MoviesDemo.release.xcconfig */;
			buildSettings = {
				ASSETCATALOG_COMPILER_APPICON_NAME = AppIcon;
				ASSETCATALOG_COMPILER_GLOBAL_ACCENT_COLOR_NAME = AccentColor;
				CODE_SIGN_STYLE = Automatic;
				DEVELOPMENT_TEAM = X6RLZ99668;
				INFOPLIST_FILE = MoviesDemo/Info.plist;
				LD_RUNPATH_SEARCH_PATHS = (
					"$(inherited)",
					"@executable_path/Frameworks",
				);
				PRODUCT_BUNDLE_IDENTIFIER = "Andrew-Cheberyako.MoviesDemo";
				PRODUCT_NAME = "$(TARGET_NAME)";
				SWIFT_VERSION = 5.0;
				TARGETED_DEVICE_FAMILY = 1;
			};
			name = Release;
		};
/* End XCBuildConfiguration section */

/* Begin XCConfigurationList section */
		3E69FAC0264C435200310370 /* Build configuration list for PBXProject "MoviesDemo" */ = {
			isa = XCConfigurationList;
			buildConfigurations = (
				3E69FADA264C435B00310370 /* Debug */,
				3E69FADB264C435B00310370 /* Release */,
			);
			defaultConfigurationIsVisible = 0;
			defaultConfigurationName = Release;
		};
		3E69FADC264C435B00310370 /* Build configuration list for PBXNativeTarget "MoviesDemo" */ = {
			isa = XCConfigurationList;
			buildConfigurations = (
				3E69FADD264C435B00310370 /* Debug */,
				3E69FADE264C435B00310370 /* Release */,
			);
			defaultConfigurationIsVisible = 0;
			defaultConfigurationName = Release;
		};
/* End XCConfigurationList section */

/* Begin XCVersionGroup section */
		3E69FAD1264C435200310370 /* MoviesDemo.xcdatamodeld */ = {
			isa = XCVersionGroup;
			children = (
				3E69FAD2264C435200310370 /* MoviesDemo.xcdatamodel */,
			);
			currentVersion = 3E69FAD2264C435200310370 /* MoviesDemo.xcdatamodel */;
			path = MoviesDemo.xcdatamodeld;
			sourceTree = "<group>";
			versionGroupType = wrapper.xcdatamodel;
		};
/* End XCVersionGroup section */
	};
	rootObject = 3E69FABD264C435200310370 /* Project object */;
}
